
Microsoft Visual Studio Solution File, Format Version 12.00
# Visual Studio Version 17
VisualStudioVersion = 17.3.32901.215
MinimumVisualStudioVersion = 10.0.40219.1
Project("{9A19103F-16F7-4668-BE54-9A1E7A4F7556}") = "OdeToFood", "OdeToFood\OdeToFood.csproj", "{915058A4-733C-4C59-AA4D-020B8AF0043D}"
EndProject
Project("{FAE04EC0-301F-11D3-BF4B-00C04F79EFBC}") = "OdeToFood.Core", "OdeToFood.Core\OdeToFood.Core.csproj", "{B47EE9C3-85EC-496A-9B26-7F15CE4E49F6}"
EndProject
Project("{FAE04EC0-301F-11D3-BF4B-00C04F79EFBC}") = "OdeToFood.Data", "OdeToFood.Data\OdeToFood.Data.csproj", "{3C8D17D9-2396-41BC-B72D-87BCDCC31FA1}"
EndProject
Global
	GlobalSection(SolutionConfigurationPlatforms) = preSolution
		Debug|Any CPU = Debug|Any CPU
		Release|Any CPU = Release|Any CPU
	EndGlobalSection
	GlobalSection(ProjectConfigurationPlatforms) = postSolution
		{915058A4-733C-4C59-AA4D-020B8AF0043D}.Debug|Any CPU.ActiveCfg = Debug|Any CPU
		{915058A4-733C-4C59-AA4D-020B8AF0043D}.Debug|Any CPU.Build.0 = Debug|Any CPU
		{915058A4-733C-4C59-AA4D-020B8AF0043D}.Release|Any CPU.ActiveCfg = Release|Any CPU
		{915058A4-733C-4C59-AA4D-020B8AF0043D}.Release|Any CPU.Build.0 = Release|Any CPU
		{B47EE9C3-85EC-496A-9B26-7F15CE4E49F6}.Debug|Any CPU.ActiveCfg = Debug|Any CPU
		{B47EE9C3-85EC-496A-9B26-7F15CE4E49F6}.Debug|Any CPU.Build.0 = Debug|Any CPU
		{B47EE9C3-85EC-496A-9B26-7F15CE4E49F6}.Release|Any CPU.ActiveCfg = Release|Any CPU
		{B47EE9C3-85EC-496A-9B26-7F15CE4E49F6}.Release|Any CPU.Build.0 = Release|Any CPU
		{3C8D17D9-2396-41BC-B72D-87BCDCC31FA1}.Debug|Any CPU.ActiveCfg = Debug|Any CPU
		{3C8D17D9-2396-41BC-B72D-87BCDCC31FA1}.Debug|Any CPU.Build.0 = Debug|Any CPU
		{3C8D17D9-2396-41BC-B72D-87BCDCC31FA1}.Release|Any CPU.ActiveCfg = Release|Any CPU
		{3C8D17D9-2396-41BC-B72D-87BCDCC31FA1}.Release|Any CPU.Build.0 = Release|Any CPU
	EndGlobalSection
	GlobalSection(SolutionProperties) = preSolution
		HideSolutionNode = FALSE
	EndGlobalSection
	GlobalSection(ExtensibilityGlobals) = postSolution
		SolutionGuid = {F2722493-7051-4B62-838C-C094BBD9DCFC}
	EndGlobalSection
EndGlobal
